
Microsoft Visual Studio Solution File, Format Version 12.00
# Visual Studio Version 17
VisualStudioVersion = 17.5.33627.172
MinimumVisualStudioVersion = 10.0.40219.1
Project("{FAE04EC0-301F-11D3-BF4B-00C04F79EFBC}") = "ExercicioURI1040", "ExercicioURI1040\ExercicioURI1040.csproj", "{459EDA38-9639-47E9-A53C-D3DEF0118CAA}"
EndProject
Global
	GlobalSection(SolutionConfigurationPlatforms) = preSolution
		Debug|Any CPU = Debug|Any CPU
		Release|Any CPU = Release|Any CPU
	EndGlobalSection
	GlobalSection(ProjectConfigurationPlatforms) = postSolution
		{459EDA38-9639-47E9-A53C-D3DEF0118CAA}.Debug|Any CPU.ActiveCfg = Debug|Any CPU
		{459EDA38-9639-47E9-A53C-D3DEF0118CAA}.Debug|Any CPU.Build.0 = Debug|Any CPU
		{459EDA38-9639-47E9-A53C-D3DEF0118CAA}.Release|Any CPU.ActiveCfg = Release|Any CPU
		{459EDA38-9639-47E9-A53C-D3DEF0118CAA}.Release|Any CPU.Build.0 = Release|Any CPU
	EndGlobalSection
	GlobalSection(SolutionProperties) = preSolution
		HideSolutionNode = FALSE
	EndGlobalSection
	GlobalSection(ExtensibilityGlobals) = postSolution
		SolutionGuid = {A1CDACFD-E51F-4151-90EB-210CC26E09DC}
	EndGlobalSection
EndGlobal
