
Microsoft Visual Studio Solution File, Format Version 12.00
# Visual Studio Version 17
VisualStudioVersion = 17.5.33627.172
MinimumVisualStudioVersion = 10.0.40219.1
Project("{FAE04EC0-301F-11D3-BF4B-00C04F79EFBC}") = "ExercicioURI1066", "ExercicioURI1066\ExercicioURI1066.csproj", "{1D2E15DB-454D-4D11-AC54-1F45A96C6FB0}"
EndProject
Global
	GlobalSection(SolutionConfigurationPlatforms) = preSolution
		Debug|Any CPU = Debug|Any CPU
		Release|Any CPU = Release|Any CPU
	EndGlobalSection
	GlobalSection(ProjectConfigurationPlatforms) = postSolution
		{1D2E15DB-454D-4D11-AC54-1F45A96C6FB0}.Debug|Any CPU.ActiveCfg = Debug|Any CPU
		{1D2E15DB-454D-4D11-AC54-1F45A96C6FB0}.Debug|Any CPU.Build.0 = Debug|Any CPU
		{1D2E15DB-454D-4D11-AC54-1F45A96C6FB0}.Release|Any CPU.ActiveCfg = Release|Any CPU
		{1D2E15DB-454D-4D11-AC54-1F45A96C6FB0}.Release|Any CPU.Build.0 = Release|Any CPU
	EndGlobalSection
	GlobalSection(SolutionProperties) = preSolution
		HideSolutionNode = FALSE
	EndGlobalSection
	GlobalSection(ExtensibilityGlobals) = postSolution
		SolutionGuid = {51788CD6-6B94-4DAA-A988-005658EC0959}
	EndGlobalSection
EndGlobal
