
Microsoft Visual Studio Solution File, Format Version 12.00
# Visual Studio Version 17
VisualStudioVersion = 17.5.33627.172
MinimumVisualStudioVersion = 10.0.40219.1
Project("{FAE04EC0-301F-11D3-BF4B-00C04F79EFBC}") = "Exercicio1016", "Exercicio1016\Exercicio1016.csproj", "{4CD000A0-41BE-49E5-9BD8-21B9B986A6B1}"
EndProject
Global
	GlobalSection(SolutionConfigurationPlatforms) = preSolution
		Debug|Any CPU = Debug|Any CPU
		Release|Any CPU = Release|Any CPU
	EndGlobalSection
	GlobalSection(ProjectConfigurationPlatforms) = postSolution
		{4CD000A0-41BE-49E5-9BD8-21B9B986A6B1}.Debug|Any CPU.ActiveCfg = Debug|Any CPU
		{4CD000A0-41BE-49E5-9BD8-21B9B986A6B1}.Debug|Any CPU.Build.0 = Debug|Any CPU
		{4CD000A0-41BE-49E5-9BD8-21B9B986A6B1}.Release|Any CPU.ActiveCfg = Release|Any CPU
		{4CD000A0-41BE-49E5-9BD8-21B9B986A6B1}.Release|Any CPU.Build.0 = Release|Any CPU
	EndGlobalSection
	GlobalSection(SolutionProperties) = preSolution
		HideSolutionNode = FALSE
	EndGlobalSection
	GlobalSection(ExtensibilityGlobals) = postSolution
		SolutionGuid = {F51C4D71-1A67-4E4A-848A-8A8B259D6B0C}
	EndGlobalSection
EndGlobal
