
Microsoft Visual Studio Solution File, Format Version 12.00
# Visual Studio Version 17
VisualStudioVersion = 17.5.33627.172
MinimumVisualStudioVersion = 10.0.40219.1
Project("{FAE04EC0-301F-11D3-BF4B-00C04F79EFBC}") = "ExercicioURI1115", "ExercicioURI1115\ExercicioURI1115.csproj", "{F9C235FB-57C8-4E37-B3B6-00C31ADF1ABD}"
EndProject
Global
	GlobalSection(SolutionConfigurationPlatforms) = preSolution
		Debug|Any CPU = Debug|Any CPU
		Release|Any CPU = Release|Any CPU
	EndGlobalSection
	GlobalSection(ProjectConfigurationPlatforms) = postSolution
		{F9C235FB-57C8-4E37-B3B6-00C31ADF1ABD}.Debug|Any CPU.ActiveCfg = Debug|Any CPU
		{F9C235FB-57C8-4E37-B3B6-00C31ADF1ABD}.Debug|Any CPU.Build.0 = Debug|Any CPU
		{F9C235FB-57C8-4E37-B3B6-00C31ADF1ABD}.Release|Any CPU.ActiveCfg = Release|Any CPU
		{F9C235FB-57C8-4E37-B3B6-00C31ADF1ABD}.Release|Any CPU.Build.0 = Release|Any CPU
	EndGlobalSection
	GlobalSection(SolutionProperties) = preSolution
		HideSolutionNode = FALSE
	EndGlobalSection
	GlobalSection(ExtensibilityGlobals) = postSolution
		SolutionGuid = {C342E1F5-4E09-4762-9892-F474ABBA2421}
	EndGlobalSection
EndGlobal
