
Microsoft Visual Studio Solution File, Format Version 12.00
# Visual Studio Version 17
VisualStudioVersion = 17.5.33627.172
MinimumVisualStudioVersion = 10.0.40219.1
Project("{FAE04EC0-301F-11D3-BF4B-00C04F79EFBC}") = "ExercicioURI1072", "ExercicioURI1072\ExercicioURI1072.csproj", "{0EDD7DAB-BB03-4ABE-AAA2-1583AF54BCA7}"
EndProject
Global
	GlobalSection(SolutionConfigurationPlatforms) = preSolution
		Debug|Any CPU = Debug|Any CPU
		Release|Any CPU = Release|Any CPU
	EndGlobalSection
	GlobalSection(ProjectConfigurationPlatforms) = postSolution
		{0EDD7DAB-BB03-4ABE-AAA2-1583AF54BCA7}.Debug|Any CPU.ActiveCfg = Debug|Any CPU
		{0EDD7DAB-BB03-4ABE-AAA2-1583AF54BCA7}.Debug|Any CPU.Build.0 = Debug|Any CPU
		{0EDD7DAB-BB03-4ABE-AAA2-1583AF54BCA7}.Release|Any CPU.ActiveCfg = Release|Any CPU
		{0EDD7DAB-BB03-4ABE-AAA2-1583AF54BCA7}.Release|Any CPU.Build.0 = Release|Any CPU
	EndGlobalSection
	GlobalSection(SolutionProperties) = preSolution
		HideSolutionNode = FALSE
	EndGlobalSection
	GlobalSection(ExtensibilityGlobals) = postSolution
		SolutionGuid = {0EBE60B8-A935-47F6-B11B-FC0F90909D69}
	EndGlobalSection
EndGlobal
