
Microsoft Visual Studio Solution File, Format Version 12.00
# Visual Studio Version 17
VisualStudioVersion = 17.5.33627.172
MinimumVisualStudioVersion = 10.0.40219.1
Project("{FAE04EC0-301F-11D3-BF4B-00C04F79EFBC}") = "Exercicios1", "Exercicios1\Exercicios1.csproj", "{8083DF8C-2690-4ABF-8508-CCEEF887C0EC}"
EndProject
Global
	GlobalSection(SolutionConfigurationPlatforms) = preSolution
		Debug|Any CPU = Debug|Any CPU
		Release|Any CPU = Release|Any CPU
	EndGlobalSection
	GlobalSection(ProjectConfigurationPlatforms) = postSolution
		{8083DF8C-2690-4ABF-8508-CCEEF887C0EC}.Debug|Any CPU.ActiveCfg = Debug|Any CPU
		{8083DF8C-2690-4ABF-8508-CCEEF887C0EC}.Debug|Any CPU.Build.0 = Debug|Any CPU
		{8083DF8C-2690-4ABF-8508-CCEEF887C0EC}.Release|Any CPU.ActiveCfg = Release|Any CPU
		{8083DF8C-2690-4ABF-8508-CCEEF887C0EC}.Release|Any CPU.Build.0 = Release|Any CPU
	EndGlobalSection
	GlobalSection(SolutionProperties) = preSolution
		HideSolutionNode = FALSE
	EndGlobalSection
	GlobalSection(ExtensibilityGlobals) = postSolution
		SolutionGuid = {1D72DB54-1C5B-42F1-9428-C4A8D3336CD6}
	EndGlobalSection
EndGlobal
