
Microsoft Visual Studio Solution File, Format Version 12.00
# Visual Studio Version 17
VisualStudioVersion = 17.5.33627.172
MinimumVisualStudioVersion = 10.0.40219.1
Project("{FAE04EC0-301F-11D3-BF4B-00C04F79EFBC}") = "ExercicioURI1159", "ExercicioURI1159\ExercicioURI1159.csproj", "{8A33302B-AC37-4350-822A-D8AA435C2ABB}"
EndProject
Global
	GlobalSection(SolutionConfigurationPlatforms) = preSolution
		Debug|Any CPU = Debug|Any CPU
		Release|Any CPU = Release|Any CPU
	EndGlobalSection
	GlobalSection(ProjectConfigurationPlatforms) = postSolution
		{8A33302B-AC37-4350-822A-D8AA435C2ABB}.Debug|Any CPU.ActiveCfg = Debug|Any CPU
		{8A33302B-AC37-4350-822A-D8AA435C2ABB}.Debug|Any CPU.Build.0 = Debug|Any CPU
		{8A33302B-AC37-4350-822A-D8AA435C2ABB}.Release|Any CPU.ActiveCfg = Release|Any CPU
		{8A33302B-AC37-4350-822A-D8AA435C2ABB}.Release|Any CPU.Build.0 = Release|Any CPU
	EndGlobalSection
	GlobalSection(SolutionProperties) = preSolution
		HideSolutionNode = FALSE
	EndGlobalSection
	GlobalSection(ExtensibilityGlobals) = postSolution
		SolutionGuid = {2EBFE9BD-8E43-4315-A5C7-BD525A07031B}
	EndGlobalSection
EndGlobal
