
Microsoft Visual Studio Solution File, Format Version 12.00
# Visual Studio Version 17
VisualStudioVersion = 17.5.33627.172
MinimumVisualStudioVersion = 10.0.40219.1
Project("{FAE04EC0-301F-11D3-BF4B-00C04F79EFBC}") = "Exercicio1005", "Exercicio1005\Exercicio1005.csproj", "{15E8D66E-76A7-4965-8ECF-01B353D13A59}"
EndProject
Global
	GlobalSection(SolutionConfigurationPlatforms) = preSolution
		Debug|Any CPU = Debug|Any CPU
		Release|Any CPU = Release|Any CPU
	EndGlobalSection
	GlobalSection(ProjectConfigurationPlatforms) = postSolution
		{15E8D66E-76A7-4965-8ECF-01B353D13A59}.Debug|Any CPU.ActiveCfg = Debug|Any CPU
		{15E8D66E-76A7-4965-8ECF-01B353D13A59}.Debug|Any CPU.Build.0 = Debug|Any CPU
		{15E8D66E-76A7-4965-8ECF-01B353D13A59}.Release|Any CPU.ActiveCfg = Release|Any CPU
		{15E8D66E-76A7-4965-8ECF-01B353D13A59}.Release|Any CPU.Build.0 = Release|Any CPU
	EndGlobalSection
	GlobalSection(SolutionProperties) = preSolution
		HideSolutionNode = FALSE
	EndGlobalSection
	GlobalSection(ExtensibilityGlobals) = postSolution
		SolutionGuid = {A7BB58E4-ECAD-4101-A830-E30961EFD7A7}
	EndGlobalSection
EndGlobal
