
Microsoft Visual Studio Solution File, Format Version 12.00
# Visual Studio Version 17
VisualStudioVersion = 17.5.33627.172
MinimumVisualStudioVersion = 10.0.40219.1
Project("{FAE04EC0-301F-11D3-BF4B-00C04F79EFBC}") = "ExercicioURI1052", "ExercicioURI1052\ExercicioURI1052.csproj", "{A39AC07F-4CC3-46B2-8EFC-28D054201A0F}"
EndProject
Global
	GlobalSection(SolutionConfigurationPlatforms) = preSolution
		Debug|Any CPU = Debug|Any CPU
		Release|Any CPU = Release|Any CPU
	EndGlobalSection
	GlobalSection(ProjectConfigurationPlatforms) = postSolution
		{A39AC07F-4CC3-46B2-8EFC-28D054201A0F}.Debug|Any CPU.ActiveCfg = Debug|Any CPU
		{A39AC07F-4CC3-46B2-8EFC-28D054201A0F}.Debug|Any CPU.Build.0 = Debug|Any CPU
		{A39AC07F-4CC3-46B2-8EFC-28D054201A0F}.Release|Any CPU.ActiveCfg = Release|Any CPU
		{A39AC07F-4CC3-46B2-8EFC-28D054201A0F}.Release|Any CPU.Build.0 = Release|Any CPU
	EndGlobalSection
	GlobalSection(SolutionProperties) = preSolution
		HideSolutionNode = FALSE
	EndGlobalSection
	GlobalSection(ExtensibilityGlobals) = postSolution
		SolutionGuid = {5F1FB725-6A5B-4FCA-86F6-A9A5148F0FD4}
	EndGlobalSection
EndGlobal
