
Microsoft Visual Studio Solution File, Format Version 12.00
# Visual Studio Version 17
VisualStudioVersion = 17.5.33627.172
MinimumVisualStudioVersion = 10.0.40219.1
Project("{FAE04EC0-301F-11D3-BF4B-00C04F79EFBC}") = "ExercicioURI1149", "ExercicioURI1149\ExercicioURI1149.csproj", "{AE87708B-23A3-4E28-ABD4-186A5AB1410E}"
EndProject
Global
	GlobalSection(SolutionConfigurationPlatforms) = preSolution
		Debug|Any CPU = Debug|Any CPU
		Release|Any CPU = Release|Any CPU
	EndGlobalSection
	GlobalSection(ProjectConfigurationPlatforms) = postSolution
		{AE87708B-23A3-4E28-ABD4-186A5AB1410E}.Debug|Any CPU.ActiveCfg = Debug|Any CPU
		{AE87708B-23A3-4E28-ABD4-186A5AB1410E}.Debug|Any CPU.Build.0 = Debug|Any CPU
		{AE87708B-23A3-4E28-ABD4-186A5AB1410E}.Release|Any CPU.ActiveCfg = Release|Any CPU
		{AE87708B-23A3-4E28-ABD4-186A5AB1410E}.Release|Any CPU.Build.0 = Release|Any CPU
	EndGlobalSection
	GlobalSection(SolutionProperties) = preSolution
		HideSolutionNode = FALSE
	EndGlobalSection
	GlobalSection(ExtensibilityGlobals) = postSolution
		SolutionGuid = {5B2F482C-6B41-4880-AD1F-704A339951E7}
	EndGlobalSection
EndGlobal
